
Microsoft Visual Studio Solution File, Format Version 12.00
# Visual Studio Version 17
VisualStudioVersion = 17.7.34024.191
MinimumVisualStudioVersion = 10.0.40219.1
Project("{FAE04EC0-301F-11D3-BF4B-00C04F79EFBC}") = "SignalREstudo", "SignalREstudo\SignalREstudo.csproj", "{3FAE62F4-D014-4721-9B1B-19B4757B6705}"
EndProject
Global
	GlobalSection(SolutionConfigurationPlatforms) = preSolution
		Debug|Any CPU = Debug|Any CPU
		Release|Any CPU = Release|Any CPU
	EndGlobalSection
	GlobalSection(ProjectConfigurationPlatforms) = postSolution
		{3FAE62F4-D014-4721-9B1B-19B4757B6705}.Debug|Any CPU.ActiveCfg = Debug|Any CPU
		{3FAE62F4-D014-4721-9B1B-19B4757B6705}.Debug|Any CPU.Build.0 = Debug|Any CPU
		{3FAE62F4-D014-4721-9B1B-19B4757B6705}.Release|Any CPU.ActiveCfg = Release|Any CPU
		{3FAE62F4-D014-4721-9B1B-19B4757B6705}.Release|Any CPU.Build.0 = Release|Any CPU
	EndGlobalSection
	GlobalSection(SolutionProperties) = preSolution
		HideSolutionNode = FALSE
	EndGlobalSection
	GlobalSection(ExtensibilityGlobals) = postSolution
		SolutionGuid = {0726F702-AA5F-43B6-B43F-808ADD9F5FB3}
	EndGlobalSection
EndGlobal
